
Microsoft Visual Studio Solution File, Format Version 12.00
# Visual Studio Version 17
VisualStudioVersion = 17.11.35327.3
MinimumVisualStudioVersion = 10.0.40219.1
Project("{2150E333-8FDC-42A3-9474-1A3956D46DE8}") = "Core", "Core", "{A75A3DC8-E3AF-412B-97E8-62AA28261DA7}"
EndProject
Project("{2150E333-8FDC-42A3-9474-1A3956D46DE8}") = "Infrastucture", "Infrastucture", "{857958C1-FE06-42CF-B159-5201FA3C3B85}"
EndProject
Project("{9A19103F-16F7-4668-BE54-9A1E7A4F7556}") = "rezolvam.Domain", "karabas.Domain\rezolvam.Domain.csproj", "{16A92F77-A2BE-4427-A0F0-866DBEFC4905}"
EndProject
Project("{9A19103F-16F7-4668-BE54-9A1E7A4F7556}") = "rezolvam.Application", "rezolvam.Application\rezolvam.Application.csproj", "{91F17BF8-2F3D-49B9-BD97-22298C3214A1}"
EndProject
Project("{FAE04EC0-301F-11D3-BF4B-00C04F79EFBC}") = "rezolvam.Infrastructure", "rezolvam.Infrastructure\rezolvam.Infrastructure.csproj", "{EC4E8242-B5D9-4012-8491-F1547712CC29}"
EndProject
Project("{FAE04EC0-301F-11D3-BF4B-00C04F79EFBC}") = "AdminMVC", "AdminMVC\AdminMVC.csproj", "{923B8FA8-750B-42E3-BBDD-AE53EAC3461E}"
EndProject
Global
	GlobalSection(SolutionConfigurationPlatforms) = preSolution
		Debug|Any CPU = Debug|Any CPU
		Release|Any CPU = Release|Any CPU
	EndGlobalSection
	GlobalSection(ProjectConfigurationPlatforms) = postSolution
		{16A92F77-A2BE-4427-A0F0-866DBEFC4905}.Debug|Any CPU.ActiveCfg = Debug|Any CPU
		{16A92F77-A2BE-4427-A0F0-866DBEFC4905}.Debug|Any CPU.Build.0 = Debug|Any CPU
		{16A92F77-A2BE-4427-A0F0-866DBEFC4905}.Release|Any CPU.ActiveCfg = Release|Any CPU
		{16A92F77-A2BE-4427-A0F0-866DBEFC4905}.Release|Any CPU.Build.0 = Release|Any CPU
		{91F17BF8-2F3D-49B9-BD97-22298C3214A1}.Debug|Any CPU.ActiveCfg = Debug|Any CPU
		{91F17BF8-2F3D-49B9-BD97-22298C3214A1}.Debug|Any CPU.Build.0 = Debug|Any CPU
		{91F17BF8-2F3D-49B9-BD97-22298C3214A1}.Release|Any CPU.ActiveCfg = Release|Any CPU
		{91F17BF8-2F3D-49B9-BD97-22298C3214A1}.Release|Any CPU.Build.0 = Release|Any CPU
		{EC4E8242-B5D9-4012-8491-F1547712CC29}.Debug|Any CPU.ActiveCfg = Debug|Any CPU
		{EC4E8242-B5D9-4012-8491-F1547712CC29}.Debug|Any CPU.Build.0 = Debug|Any CPU
		{EC4E8242-B5D9-4012-8491-F1547712CC29}.Release|Any CPU.ActiveCfg = Release|Any CPU
		{EC4E8242-B5D9-4012-8491-F1547712CC29}.Release|Any CPU.Build.0 = Release|Any CPU
		{923B8FA8-750B-42E3-BBDD-AE53EAC3461E}.Debug|Any CPU.ActiveCfg = Debug|Any CPU
		{923B8FA8-750B-42E3-BBDD-AE53EAC3461E}.Debug|Any CPU.Build.0 = Debug|Any CPU
		{923B8FA8-750B-42E3-BBDD-AE53EAC3461E}.Release|Any CPU.ActiveCfg = Release|Any CPU
		{923B8FA8-750B-42E3-BBDD-AE53EAC3461E}.Release|Any CPU.Build.0 = Release|Any CPU
	EndGlobalSection
	GlobalSection(SolutionProperties) = preSolution
		HideSolutionNode = FALSE
	EndGlobalSection
	GlobalSection(NestedProjects) = preSolution
		{16A92F77-A2BE-4427-A0F0-866DBEFC4905} = {A75A3DC8-E3AF-412B-97E8-62AA28261DA7}
		{91F17BF8-2F3D-49B9-BD97-22298C3214A1} = {A75A3DC8-E3AF-412B-97E8-62AA28261DA7}
		{EC4E8242-B5D9-4012-8491-F1547712CC29} = {857958C1-FE06-42CF-B159-5201FA3C3B85}
	EndGlobalSection
	GlobalSection(ExtensibilityGlobals) = postSolution
		SolutionGuid = {C3A19307-ADA1-4863-8FF1-A50F75BFB9E9}
	EndGlobalSection
EndGlobal
